// !$*UTF8*$!
{
	archiveVersion = 1;
	classes = {
	};
	objectVersion = 48;
	objects = {

/* Begin PBXBuildFile section */
		F92B3DA62041B1DB00439611 /* FontInjector.framework in Frameworks */ = {isa = PBXBuildFile; fileRef = F92B3DA52041B1DB00439611 /* FontInjector.framework */; };
		F92B3DA72041B1DB00439611 /* FontInjector.framework in Embed Frameworks */ = {isa = PBXBuildFile; fileRef = F92B3DA52041B1DB00439611 /* FontInjector.framework */; settings = {ATTRIBUTES = (CodeSignOnCopy, RemoveHeadersOnCopy, ); }; };
		F92B3DB92041C27D00439611 /* Fonts in Resources */ = {isa = PBXBuildFile; fileRef = F92B3DB82041C27D00439611 /* Fonts */; };
		F92B3DBB2041C29600439611 /* InconsolataFont.swift in Sources */ = {isa = PBXBuildFile; fileRef = F92B3DBA2041C29600439611 /* InconsolataFont.swift */; };
		F9B5DAC3203F0E3C00E3FA67 /* AppDelegate.swift in Sources */ = {isa = PBXBuildFile; fileRef = F9B5DAC2203F0E3C00E3FA67 /* AppDelegate.swift */; };
		F9B5DAC5203F0E3C00E3FA67 /* ViewController.swift in Sources */ = {isa = PBXBuildFile; fileRef = F9B5DAC4203F0E3C00E3FA67 /* ViewController.swift */; };
		F9B5DAC8203F0E3C00E3FA67 /* Main.storyboard in Resources */ = {isa = PBXBuildFile; fileRef = F9B5DAC6203F0E3C00E3FA67 /* Main.storyboard */; };
		F9B5DACA203F0E3C00E3FA67 /* Assets.xcassets in Resources */ = {isa = PBXBuildFile; fileRef = F9B5DAC9203F0E3C00E3FA67 /* Assets.xcassets */; };
		F9B5DACD203F0E3C00E3FA67 /* LaunchScreen.storyboard in Resources */ = {isa = PBXBuildFile; fileRef = F9B5DACB203F0E3C00E3FA67 /* LaunchScreen.storyboard */; };
/* End PBXBuildFile section */

/* Begin PBXCopyFilesBuildPhase section */
		F92B3DA82041B1DB00439611 /* Embed Frameworks */ = {
			isa = PBXCopyFilesBuildPhase;
			buildActionMask = 2147483647;
			dstPath = "";
			dstSubfolderSpec = 10;
			files = (
				F92B3DA72041B1DB00439611 /* FontInjector.framework in Embed Frameworks */,
			);
			name = "Embed Frameworks";
			runOnlyForDeploymentPostprocessing = 0;
		};
/* End PBXCopyFilesBuildPhase section */

/* Begin PBXFileReference section */
		F92B3DA52041B1DB00439611 /* FontInjector.framework */ = {isa = PBXFileReference; explicitFileType = wrapper.framework; path = FontInjector.framework; sourceTree = BUILT_PRODUCTS_DIR; };
		F92B3DB82041C27D00439611 /* Fonts */ = {isa = PBXFileReference; lastKnownFileType = folder; path = Fonts; sourceTree = "<group>"; };
		F92B3DBA2041C29600439611 /* InconsolataFont.swift */ = {isa = PBXFileReference; lastKnownFileType = sourcecode.swift; path = InconsolataFont.swift; sourceTree = "<group>"; };
		F9B5DABF203F0E3C00E3FA67 /* Example.app */ = {isa = PBXFileReference; explicitFileType = wrapper.application; includeInIndex = 0; path = Example.app; sourceTree = BUILT_PRODUCTS_DIR; };
		F9B5DAC2203F0E3C00E3FA67 /* AppDelegate.swift */ = {isa = PBXFileReference; lastKnownFileType = sourcecode.swift; path = AppDelegate.swift; sourceTree = "<group>"; };
		F9B5DAC4203F0E3C00E3FA67 /* ViewController.swift */ = {isa = PBXFileReference; lastKnownFileType = sourcecode.swift; path = ViewController.swift; sourceTree = "<group>"; };
		F9B5DAC7203F0E3C00E3FA67 /* Base */ = {isa = PBXFileReference; lastKnownFileType = file.storyboard; name = Base; path = Base.lproj/Main.storyboard; sourceTree = "<group>"; };
		F9B5DAC9203F0E3C00E3FA67 /* Assets.xcassets */ = {isa = PBXFileReference; lastKnownFileType = folder.assetcatalog; path = Assets.xcassets; sourceTree = "<group>"; };
		F9B5DACC203F0E3C00E3FA67 /* Base */ = {isa = PBXFileReference; lastKnownFileType = file.storyboard; name = Base; path = Base.lproj/LaunchScreen.storyboard; sourceTree = "<group>"; };
		F9B5DACE203F0E3C00E3FA67 /* Info.plist */ = {isa = PBXFileReference; lastKnownFileType = text.plist.xml; path = Info.plist; sourceTree = "<group>"; };
/* End PBXFileReference section */

/* Begin PBXFrameworksBuildPhase section */
		F9B5DABC203F0E3C00E3FA67 /* Frameworks */ = {
			isa = PBXFrameworksBuildPhase;
			buildActionMask = 2147483647;
			files = (
				F92B3DA62041B1DB00439611 /* FontInjector.framework in Frameworks */,
			);
			runOnlyForDeploymentPostprocessing = 0;
		};
/* End PBXFrameworksBuildPhase section */

/* Begin PBXGroup section */
		F92B3D9B2040850F00439611 /* Resources */ = {
			isa = PBXGroup;
			children = (
				F92B3DB82041C27D00439611 /* Fonts */,
				F92B3DAF2041C1F500439611 /* Storyboards */,
				F9B5DAC9203F0E3C00E3FA67 /* Assets.xcassets */,
			);
			path = Resources;
			sourceTree = "<group>";
		};
		F92B3DAF2041C1F500439611 /* Storyboards */ = {
			isa = PBXGroup;
			children = (
				F9B5DAC6203F0E3C00E3FA67 /* Main.storyboard */,
				F9B5DACB203F0E3C00E3FA67 /* LaunchScreen.storyboard */,
			);
			path = Storyboards;
			sourceTree = "<group>";
		};
		F9B5DAB6203F0E3C00E3FA67 = {
			isa = PBXGroup;
			children = (
				F92B3DA52041B1DB00439611 /* FontInjector.framework */,
				F9B5DAC1203F0E3C00E3FA67 /* Example */,
				F9B5DAC0203F0E3C00E3FA67 /* Products */,
			);
			sourceTree = "<group>";
		};
		F9B5DAC0203F0E3C00E3FA67 /* Products */ = {
			isa = PBXGroup;
			children = (
				F9B5DABF203F0E3C00E3FA67 /* Example.app */,
			);
			name = Products;
			sourceTree = "<group>";
		};
		F9B5DAC1203F0E3C00E3FA67 /* Example */ = {
			isa = PBXGroup;
			children = (
				F92B3DBA2041C29600439611 /* InconsolataFont.swift */,
				F9B5DAC2203F0E3C00E3FA67 /* AppDelegate.swift */,
				F9B5DAC4203F0E3C00E3FA67 /* ViewController.swift */,
				F92B3D9B2040850F00439611 /* Resources */,
				F9B5DACE203F0E3C00E3FA67 /* Info.plist */,
			);
			path = Example;
			sourceTree = "<group>";
		};
/* End PBXGroup section */

/* Begin PBXNativeTarget section */
		F9B5DABE203F0E3C00E3FA67 /* Example */ = {
			isa = PBXNativeTarget;
			buildConfigurationList = F9B5DAD1203F0E3C00E3FA67 /* Build configuration list for PBXNativeTarget "Example" */;
			buildPhases = (
				F9B5DABB203F0E3C00E3FA67 /* Sources */,
				F9B5DABC203F0E3C00E3FA67 /* Frameworks */,
				F9B5DABD203F0E3C00E3FA67 /* Resources */,
				F92B3DA82041B1DB00439611 /* Embed Frameworks */,
			);
			buildRules = (
			);
			dependencies = (
			);
			name = Example;
			productName = Example;
			productReference = F9B5DABF203F0E3C00E3FA67 /* Example.app */;
			productType = "com.apple.product-type.application";
		};
/* End PBXNativeTarget section */

/* Begin PBXProject section */
		F9B5DAB7203F0E3C00E3FA67 /* Project object */ = {
			isa = PBXProject;
			attributes = {
				LastSwiftUpdateCheck = 0920;
				LastUpgradeCheck = 0920;
				ORGANIZATIONNAME = "Peera Kerdkokaew";
				TargetAttributes = {
					F9B5DABE203F0E3C00E3FA67 = {
						CreatedOnToolsVersion = 9.2;
						ProvisioningStyle = Automatic;
					};
				};
			};
			buildConfigurationList = F9B5DABA203F0E3C00E3FA67 /* Build configuration list for PBXProject "Example" */;
			compatibilityVersion = "Xcode 8.0";
			developmentRegion = en;
			hasScannedForEncodings = 0;
			knownRegions = (
				en,
				Base,
			);
			mainGroup = F9B5DAB6203F0E3C00E3FA67;
			productRefGroup = F9B5DAC0203F0E3C00E3FA67 /* Products */;
			projectDirPath = "";
			projectRoot = "";
			targets = (
				F9B5DABE203F0E3C00E3FA67 /* Example */,
			);
		};
/* End PBXProject section */

/* Begin PBXResourcesBuildPhase section */
		F9B5DABD203F0E3C00E3FA67 /* Resources */ = {
			isa = PBXResourcesBuildPhase;
			buildActionMask = 2147483647;
			files = (
				F9B5DACD203F0E3C00E3FA67 /* LaunchScreen.storyboard in Resources */,
				F9B5DACA203F0E3C00E3FA67 /* Assets.xcassets in Resources */,
				F9B5DAC8203F0E3C00E3FA67 /* Main.storyboard in Resources */,
				F92B3DB92041C27D00439611 /* Fonts in Resources */,
			);
			runOnlyForDeploymentPostprocessing = 0;
		};
/* End PBXResourcesBuildPhase section */

/* Begin PBXSourcesBuildPhase section */
		F9B5DABB203F0E3C00E3FA67 /* Sources */ = {
			isa = PBXSourcesBuildPhase;
			buildActionMask = 2147483647;
			files = (
				F9B5DAC5203F0E3C00E3FA67 /* ViewController.swift in Sources */,
				F9B5DAC3203F0E3C00E3FA67 /* AppDelegate.swift in Sources */,
				F92B3DBB2041C29600439611 /* InconsolataFont.swift in Sources */,
			);
			runOnlyForDeploymentPostprocessing = 0;
		};
/* End PBXSourcesBuildPhase section */

/* Begin PBXVariantGroup section */
		F9B5DAC6203F0E3C00E3FA67 /* Main.storyboard */ = {
			isa = PBXVariantGroup;
			children = (
				F9B5DAC7203F0E3C00E3FA67 /* Base */,
			);
			name = Main.storyboard;
			sourceTree = "<group>";
		};
		F9B5DACB203F0E3C00E3FA67 /* LaunchScreen.storyboard */ = {
			isa = PBXVariantGroup;
			children = (
				F9B5DACC203F0E3C00E3FA67 /* Base */,
			);
			name = LaunchScreen.storyboard;
			sourceTree = "<group>";
		};
/* End PBXVariantGroup section */

/* Begin XCBuildConfiguration section */
		F9B5DACF203F0E3C00E3FA67 /* Debug */ = {
			isa = XCBuildConfiguration;
			buildSettings = {
				ALWAYS_SEARCH_USER_PATHS = NO;
				CLANG_ANALYZER_NONNULL = YES;
				CLANG_ANALYZER_NUMBER_OBJECT_CONVERSION = YES_AGGRESSIVE;
				CLANG_CXX_LANGUAGE_STANDARD = "gnu++14";
				CLANG_CXX_LIBRARY = "libc++";
				CLANG_ENABLE_MODULES = YES;
				CLANG_ENABLE_OBJC_ARC = YES;
				CLANG_WARN_BLOCK_CAPTURE_AUTORELEASING = YES;
				CLANG_WARN_BOOL_CONVERSION = YES;
				CLANG_WARN_COMMA = YES;
				CLANG_WARN_CONSTANT_CONVERSION = YES;
				CLANG_WARN_DIRECT_OBJC_ISA_USAGE = YES_ERROR;
				CLANG_WARN_DOCUMENTATION_COMMENTS = YES;
				CLANG_WARN_EMPTY_BODY = YES;
				CLANG_WARN_ENUM_CONVERSION = YES;
				CLANG_WARN_INFINITE_RECURSION = YES;
				CLANG_WARN_INT_CONVERSION = YES;
				CLANG_WARN_NON_LITERAL_NULL_CONVERSION = YES;
				CLANG_WARN_OBJC_LITERAL_CONVERSION = YES;
				CLANG_WARN_OBJC_ROOT_CLASS = YES_ERROR;
				CLANG_WARN_RANGE_LOOP_ANALYSIS = YES;
				CLANG_WARN_STRICT_PROTOTYPES = YES;
				CLANG_WARN_SUSPICIOUS_MOVE = YES;
				CLANG_WARN_UNGUARDED_AVAILABILITY = YES_AGGRESSIVE;
				CLANG_WARN_UNREACHABLE_CODE = YES;
				CLANG_WARN__DUPLICATE_METHOD_MATCH = YES;
				CODE_SIGN_IDENTITY = "iPhone Developer";
				COPY_PHASE_STRIP = NO;
				DEBUG_INFORMATION_FORMAT = dwarf;
				ENABLE_STRICT_OBJC_MSGSEND = YES;
				ENABLE_TESTABILITY = YES;
				GCC_C_LANGUAGE_STANDARD = gnu11;
				GCC_DYNAMIC_NO_PIC = NO;
				GCC_NO_COMMON_BLOCKS = YES;
				GCC_OPTIMIZATION_LEVEL = 0;
				GCC_PREPROCESSOR_DEFINITIONS = (
					"DEBUG=1",
					"$(inherited)",
				);
				GCC_WARN_64_TO_32_BIT_CONVERSION = YES;
				GCC_WARN_ABOUT_RETURN_TYPE = YES_ERROR;
				GCC_WARN_UNDECLARED_SELECTOR = YES;
				GCC_WARN_UNINITIALIZED_AUTOS = YES_AGGRESSIVE;
				GCC_WARN_UNUSED_FUNCTION = YES;
				GCC_WARN_UNUSED_VARIABLE = YES;
				IPHONEOS_DEPLOYMENT_TARGET = 11.2;
				MTL_ENABLE_DEBUG_INFO = YES;
				ONLY_ACTIVE_ARCH = YES;
				SDKROOT = iphoneos;
				SWIFT_ACTIVE_COMPILATION_CONDITIONS = DEBUG;
				SWIFT_OPTIMIZATION_LEVEL = "-Onone";
			};
			name = Debug;
		};
		F9B5DAD0203F0E3C00E3FA67 /* Release */ = {
			isa = XCBuildConfiguration;
			buildSettings = {
				ALWAYS_SEARCH_USER_PATHS = NO;
				CLANG_ANALYZER_NONNULL = YES;
				CLANG_ANALYZER_NUMBER_OBJECT_CONVERSION = YES_AGGRESSIVE;
				CLANG_CXX_LANGUAGE_STANDARD = "gnu++14";
				CLANG_CXX_LIBRARY = "libc++";
				CLANG_ENABLE_MODULES = YES;
				CLANG_ENABLE_OBJC_ARC = YES;
				CLANG_WARN_BLOCK_CAPTURE_AUTORELEASING = YES;
				CLANG_WARN_BOOL_CONVERSION = YES;
				CLANG_WARN_COMMA = YES;
				CLANG_WARN_CONSTANT_CONVERSION = YES;
				CLANG_WARN_DIRECT_OBJC_ISA_USAGE = YES_ERROR;
				CLANG_WARN_DOCUMENTATION_COMMENTS = YES;
				CLANG_WARN_EMPTY_BODY = YES;
				CLANG_WARN_ENUM_CONVERSION = YES;
				CLANG_WARN_INFINITE_RECURSION = YES;
				CLANG_WARN_INT_CONVERSION = YES;
				CLANG_WARN_NON_LITERAL_NULL_CONVERSION = YES;
				CLANG_WARN_OBJC_LITERAL_CONVERSION = YES;
				CLANG_WARN_OBJC_ROOT_CLASS = YES_ERROR;
				CLANG_WARN_RANGE_LOOP_ANALYSIS = YES;
				CLANG_WARN_STRICT_PROTOTYPES = YES;
				CLANG_WARN_SUSPICIOUS_MOVE = YES;
				CLANG_WARN_UNGUARDED_AVAILABILITY = YES_AGGRESSIVE;
				CLANG_WARN_UNREACHABLE_CODE = YES;
				CLANG_WARN__DUPLICATE_METHOD_MATCH = YES;
				CODE_SIGN_IDENTITY = "iPhone Developer";
				COPY_PHASE_STRIP = NO;
				DEBUG_INFORMATION_FORMAT = "dwarf-with-dsym";
				ENABLE_NS_ASSERTIONS = NO;
				ENABLE_STRICT_OBJC_MSGSEND = YES;
				GCC_C_LANGUAGE_STANDARD = gnu11;
				GCC_NO_COMMON_BLOCKS = YES;
				GCC_WARN_64_TO_32_BIT_CONVERSION = YES;
				GCC_WARN_ABOUT_RETURN_TYPE = YES_ERROR;
				GCC_WARN_UNDECLARED_SELECTOR = YES;
				GCC_WARN_UNINITIALIZED_AUTOS = YES_AGGRESSIVE;
				GCC_WARN_UNUSED_FUNCTION = YES;
				GCC_WARN_UNUSED_VARIABLE = YES;
				IPHONEOS_DEPLOYMENT_TARGET = 11.2;
				MTL_ENABLE_DEBUG_INFO = NO;
				SDKROOT = iphoneos;
				SWIFT_OPTIMIZATION_LEVEL = "-Owholemodule";
				VALIDATE_PRODUCT = YES;
			};
			name = Release;
		};
		F9B5DAD2203F0E3C00E3FA67 /* Debug */ = {
			isa = XCBuildConfiguration;
			buildSettings = {
				ASSETCATALOG_COMPILER_APPICON_NAME = AppIcon;
				CODE_SIGN_STYLE = Automatic;
				DEVELOPMENT_TEAM = AK36UE7QER;
				INFOPLIST_FILE = Example/Info.plist;
				LD_RUNPATH_SEARCH_PATHS = "$(inherited) @executable_path/Frameworks";
				PRODUCT_BUNDLE_IDENTIFIER = tpeodndyy.Example;
				PRODUCT_NAME = "$(TARGET_NAME)";
				SWIFT_VERSION = 4.0;
				TARGETED_DEVICE_FAMILY = "1,2";
			};
			name = Debug;
		};
		F9B5DAD3203F0E3C00E3FA67 /* Release */ = {
			isa = XCBuildConfiguration;
			buildSettings = {
				ASSETCATALOG_COMPILER_APPICON_NAME = AppIcon;
				CODE_SIGN_STYLE = Automatic;
				DEVELOPMENT_TEAM = AK36UE7QER;
				INFOPLIST_FILE = Example/Info.plist;
				LD_RUNPATH_SEARCH_PATHS = "$(inherited) @executable_path/Frameworks";
				PRODUCT_BUNDLE_IDENTIFIER = tpeodndyy.Example;
				PRODUCT_NAME = "$(TARGET_NAME)";
				SWIFT_VERSION = 4.0;
				TARGETED_DEVICE_FAMILY = "1,2";
			};
			name = Release;
		};
/* End XCBuildConfiguration section */

/* Begin XCConfigurationList section */
		F9B5DABA203F0E3C00E3FA67 /* Build configuration list for PBXProject "Example" */ = {
			isa = XCConfigurationList;
			buildConfigurations = (
				F9B5DACF203F0E3C00E3FA67 /* Debug */,
				F9B5DAD0203F0E3C00E3FA67 /* Release */,
			);
			defaultConfigurationIsVisible = 0;
			defaultConfigurationName = Release;
		};
		F9B5DAD1203F0E3C00E3FA67 /* Build configuration list for PBXNativeTarget "Example" */ = {
			isa = XCConfigurationList;
			buildConfigurations = (
				F9B5DAD2203F0E3C00E3FA67 /* Debug */,
				F9B5DAD3203F0E3C00E3FA67 /* Release */,
			);
			defaultConfigurationIsVisible = 0;
			defaultConfigurationName = Release;
		};
/* End XCConfigurationList section */
	};
	rootObject = F9B5DAB7203F0E3C00E3FA67 /* Project object */;
}
